lockfileVersion: '9.0'

settings:
  autoInstallPeers: true
  excludeLinksFromLockfile: false

importers:

  .:
    dependencies:
      '@playcanvas/splat-transform':
        specifier: 3.4.2
        version: 3.4.2(playcanvas@2.22.2)

packages:

  '@adobe/spz@0.2.3':
    resolution: {integrity: sha512-iMiIB+FUxQ2vaNxP012fdIVd4yugyq0PUXBaknGfYDE3xpTNU5PrhbLtnDTGFE9anKOwjneOuanSKqaaNpC68Q==}

  '@playcanvas/splat-transform@3.4.2':
    resolution: {integrity: sha512-uKIS9VpBxzFnvJ6JVxOYPMeFEeS60JGj5fHmA7IdgVkKMFwF9hmE86wA5eIUJUtF0eK5eCRDCMffjVzu/ouxHg==}
    engines: {node: '>=22.0.0'}
    hasBin: true
    peerDependencies:
      playcanvas: ^2.0.0

  '@types/webxr@0.5.24':
    resolution: {integrity: sha512-h8fgEd/DpoS9CBrjEQXR+dIDraopAEfu4wYVNY2tEPwk60stPWhvZMf4Foo5FakuQ7HFZoa8WceaWFervK2Ovg==}

  '@webgpu/types@0.1.72':
    resolution: {integrity: sha512-0cF7RFM2edNoiIS1ODJp0/Gzv4/xSXhwoR0YCza+OWpJWtn4wmo9DvK91aLlH9+uUnwIriP7ZiC3WitmyhuzBw==}

  debug@4.4.3:
    resolution: {integrity: sha512-RGwwWnwQvkVfavKVt22FGLw+xYSdzARwm0ru6DhTVA3umU5hZc28V3kO4stgYryrTlLpuvgI9GiijltAjNbcqA==}
    engines: {node: '>=6.0'}
    peerDependencies:
      supports-color: '*'
    peerDependenciesMeta:
      supports-color:
        optional: true

  ms@2.1.3:
    resolution: {integrity: sha512-6FlzubTLZG3J2a/NVCAleEhjzq5oxgHyaCU9yYXvcLsvoVaHJq/s5xXI6/XXP6tz7R9xAOtHnSO/tXtF3WRTlA==}

  playcanvas@2.22.2:
    resolution: {integrity: sha512-ePc1zbdrXikBdyOZrxpwSdWSZEUbV0NLdZkA4XDVZJfYqrr7PqWXQ9bY69UpG2dsNVM8d8gTKUJmCx7PO4ITRQ==}
    engines: {node: '>=18.3.0'}

  webgpu@0.4.0:
    resolution: {integrity: sha512-F5pimn3Aoi0zWjuRdiVs5TnrUwSzD2lESBohsIUsqyitWkGRQlXU2fhV6ycXlQTa1bvAf3sjqiUpBEpmSQ5ptA==}

snapshots:

  '@adobe/spz@0.2.3': {}

  '@playcanvas/splat-transform@3.4.2(playcanvas@2.22.2)':
    dependencies:
      '@adobe/spz': 0.2.3
      playcanvas: 2.22.2
      webgpu: 0.4.0
    transitivePeerDependencies:
      - supports-color

  '@types/webxr@0.5.24': {}

  '@webgpu/types@0.1.72': {}

  debug@4.4.3:
    dependencies:
      ms: 2.1.3

  ms@2.1.3: {}

  playcanvas@2.22.2:
    dependencies:
      '@types/webxr': 0.5.24
      '@webgpu/types': 0.1.72

  webgpu@0.4.0:
    dependencies:
      '@webgpu/types': 0.1.72
      debug: 4.4.3
    transitivePeerDependencies:
      - supports-color
